
Microsoft Visual Studio Solution File, Format Version 12.00
# Visual Studio 15
VisualStudioVersion = 15.0.28307.1401
MinimumVisualStudioVersion = 10.0.40219.1
Project("{8BC9CEB8-8B4A-11D0-8D11-00A0C91BC942}") = "Symulacja_JS_2021", "Symulacja_JS_2021\Symulacja_JS_2021.vcxproj", "{10089D0A-49A8-4431-AB5C-8FA4DBEC8F31}"
EndProject
Global
	GlobalSection(SolutionConfigurationPlatforms) = preSolution
		Debug|x64 = Debug|x64
		Debug|x86 = Debug|x86
		Release|x64 = Release|x64
		Release|x86 = Release|x86
	EndGlobalSection
	GlobalSection(ProjectConfigurationPlatforms) = postSolution
		{10089D0A-49A8-4431-AB5C-8FA4DBEC8F31}.Debug|x64.ActiveCfg = Debug|x64
		{10089D0A-49A8-4431-AB5C-8FA4DBEC8F31}.Debug|x64.Build.0 = Debug|x64
		{10089D0A-49A8-4431-AB5C-8FA4DBEC8F31}.Debug|x86.ActiveCfg = Debug|Win32
		{10089D0A-49A8-4431-AB5C-8FA4DBEC8F31}.Debug|x86.Build.0 = Debug|Win32
		{10089D0A-49A8-4431-AB5C-8FA4DBEC8F31}.Release|x64.ActiveCfg = Release|x64
		{10089D0A-49A8-4431-AB5C-8FA4DBEC8F31}.Release|x64.Build.0 = Release|x64
		{10089D0A-49A8-4431-AB5C-8FA4DBEC8F31}.Release|x86.ActiveCfg = Release|Win32
		{10089D0A-49A8-4431-AB5C-8FA4DBEC8F31}.Release|x86.Build.0 = Release|Win32
	EndGlobalSection
	GlobalSection(SolutionProperties) = preSolution
		HideSolutionNode = FALSE
	EndGlobalSection
	GlobalSection(ExtensibilityGlobals) = postSolution
		SolutionGuid = {59582D52-01E9-4F97-A0C6-3FA9C4627A5D}
	EndGlobalSection
EndGlobal
